// !$*UTF8*$!
{
	archiveVersion = 1;
	classes = {
	};
	objectVersion = 56;
	objects = {

/* Begin PBXBuildFile section */
		92A088382CAEBB5C00F1E450 /* AppDelegate.swift in Sources */ = {isa = PBXBuildFile; fileRef = 92A088372CAEBB5C00F1E450 /* AppDelegate.swift */; };
		92A0883A2CAEBB5C00F1E450 /* SceneDelegate.swift in Sources */ = {isa = PBXBuildFile; fileRef = 92A088392CAEBB5C00F1E450 /* SceneDelegate.swift */; };
		92A088412CAEBB5E00F1E450 /* Assets.xcassets in Resources */ = {isa = PBXBuildFile; fileRef = 92A088402CAEBB5E00F1E450 /* Assets.xcassets */; };
		92A088442CAEBB5E00F1E450 /* Base in Resources */ = {isa = PBXBuildFile; fileRef = 92A088432CAEBB5E00F1E450 /* Base */; };
		92A0885D2CAEBCC100F1E450 /* TableView+Extension.swift in Sources */ = {isa = PBXBuildFile; fileRef = 92A0885C2CAEBCC100F1E450 /* TableView+Extension.swift */; };
		92A0885F2CAEBCD100F1E450 /* CollectionView+Extension.swift in Sources */ = {isa = PBXBuildFile; fileRef = 92A0885E2CAEBCD100F1E450 /* CollectionView+Extension.swift */; };
		92A088612CAEBCED00F1E450 /* Bundle+Extension.swift in Sources */ = {isa = PBXBuildFile; fileRef = 92A088602CAEBCED00F1E450 /* Bundle+Extension.swift */; };
		92A088632CAEBCFE00F1E450 /* TableViewCell+Extension.swift in Sources */ = {isa = PBXBuildFile; fileRef = 92A088622CAEBCFE00F1E450 /* TableViewCell+Extension.swift */; };
		92A088652CAEBD1500F1E450 /* AlertController+Extension.swift in Sources */ = {isa = PBXBuildFile; fileRef = 92A088642CAEBD1500F1E450 /* AlertController+Extension.swift */; };
		92A088672CAEBD3500F1E450 /* countryData.json in Resources */ = {isa = PBXBuildFile; fileRef = 92A088662CAEBD3500F1E450 /* countryData.json */; };
		92A088692CAEBD5300F1E450 /* Main.storyboard in Resources */ = {isa = PBXBuildFile; fileRef = 92A088682CAEBD5300F1E450 /* Main.storyboard */; };
		92A0886B2CAEBD9200F1E450 /* Constants.swift in Sources */ = {isa = PBXBuildFile; fileRef = 92A0886A2CAEBD9200F1E450 /* Constants.swift */; };
		92A0886D2CAEBDA300F1E450 /* DataServiceError.swift in Sources */ = {isa = PBXBuildFile; fileRef = 92A0886C2CAEBDA300F1E450 /* DataServiceError.swift */; };
		92A0886F2CAEBDCA00F1E450 /* CountryModel.swift in Sources */ = {isa = PBXBuildFile; fileRef = 92A0886E2CAEBDC900F1E450 /* CountryModel.swift */; };
		92A088712CAEBDED00F1E450 /* DataService.swift in Sources */ = {isa = PBXBuildFile; fileRef = 92A088702CAEBDED00F1E450 /* DataService.swift */; };
		92A088732CAEBE0100F1E450 /* CountryViewModel.swift in Sources */ = {isa = PBXBuildFile; fileRef = 92A088722CAEBE0100F1E450 /* CountryViewModel.swift */; };
		92A088772CAEBE7C00F1E450 /* CountryHomeViewController.swift in Sources */ = {isa = PBXBuildFile; fileRef = 92A088762CAEBE7C00F1E450 /* CountryHomeViewController.swift */; };
		92A0887A2CAEBEB600F1E450 /* SearchHeaderView.swift in Sources */ = {isa = PBXBuildFile; fileRef = 92A088792CAEBEB600F1E450 /* SearchHeaderView.swift */; };
		92A088802CAEBF7900F1E450 /* TouristSpotTableViewCell.swift in Sources */ = {isa = PBXBuildFile; fileRef = 92A0887C2CAEBF7900F1E450 /* TouristSpotTableViewCell.swift */; };
		92A088812CAEBF7900F1E450 /* CountryImageCarouselTableViewCell.xib in Resources */ = {isa = PBXBuildFile; fileRef = 92A0887D2CAEBF7900F1E450 /* CountryImageCarouselTableViewCell.xib */; };
		92A088822CAEBF7900F1E450 /* CountryImageCarouselTableViewCell.swift in Sources */ = {isa = PBXBuildFile; fileRef = 92A0887E2CAEBF7900F1E450 /* CountryImageCarouselTableViewCell.swift */; };
		92A088832CAEBF7900F1E450 /* TouristSpotTableViewCell.xib in Resources */ = {isa = PBXBuildFile; fileRef = 92A0887F2CAEBF7900F1E450 /* TouristSpotTableViewCell.xib */; };
		92A088862CAEBF8900F1E450 /* NoDataTableViewCell.xib in Resources */ = {isa = PBXBuildFile; fileRef = 92A088842CAEBF8800F1E450 /* NoDataTableViewCell.xib */; };
		92A088872CAEBF8900F1E450 /* NoDataTableViewCell.swift in Sources */ = {isa = PBXBuildFile; fileRef = 92A088852CAEBF8900F1E450 /* NoDataTableViewCell.swift */; };
		92A0888C2CAEBFD400F1E450 /* StatisticsDataSheetViewController.swift in Sources */ = {isa = PBXBuildFile; fileRef = 92A088882CAEBFD400F1E450 /* StatisticsDataSheetViewController.swift */; };
		92A0888D2CAEBFD400F1E450 /* CountryImageCollectionViewCell.swift in Sources */ = {isa = PBXBuildFile; fileRef = 92A088892CAEBFD400F1E450 /* CountryImageCollectionViewCell.swift */; };
		92A0888E2CAEBFD400F1E450 /* CountryImageCollectionViewCell.xib in Resources */ = {isa = PBXBuildFile; fileRef = 92A0888A2CAEBFD400F1E450 /* CountryImageCollectionViewCell.xib */; };
		92A088902CAEC05600F1E450 /* CountryHomeVC+TableViewExtension.swift in Sources */ = {isa = PBXBuildFile; fileRef = 92A0888F2CAEC05600F1E450 /* CountryHomeVC+TableViewExtension.swift */; };
		92A088922CAEC62500F1E450 /* Localizable.xcstrings in Resources */ = {isa = PBXBuildFile; fileRef = 92A088912CAEC62500F1E450 /* Localizable.xcstrings */; };
		92A088942CAEC64100F1E450 /* String+Extension.swift in Sources */ = {isa = PBXBuildFile; fileRef = 92A088932CAEC64100F1E450 /* String+Extension.swift */; };
/* End PBXBuildFile section */

/* Begin PBXFileReference section */
		92A088342CAEBB5C00F1E450 /* TouristGuideUIkit.app */ = {isa = PBXFileReference; explicitFileType = wrapper.application; includeInIndex = 0; path = TouristGuideUIkit.app; sourceTree = BUILT_PRODUCTS_DIR; };
		92A088372CAEBB5C00F1E450 /* AppDelegate.swift */ = {isa = PBXFileReference; lastKnownFileType = sourcecode.swift; path = AppDelegate.swift; sourceTree = "<group>"; };
		92A088392CAEBB5C00F1E450 /* SceneDelegate.swift */ = {isa = PBXFileReference; lastKnownFileType = sourcecode.swift; path = SceneDelegate.swift; sourceTree = "<group>"; };
		92A088402CAEBB5E00F1E450 /* Assets.xcassets */ = {isa = PBXFileReference; lastKnownFileType = folder.assetcatalog; path = Assets.xcassets; sourceTree = "<group>"; };
		92A088432CAEBB5E00F1E450 /* Base */ = {isa = PBXFileReference; lastKnownFileType = file.storyboard; name = Base; path = Base.lproj/LaunchScreen.storyboard; sourceTree = "<group>"; };
		92A088452CAEBB5E00F1E450 /* Info.plist */ = {isa = PBXFileReference; lastKnownFileType = text.plist.xml; path = Info.plist; sourceTree = "<group>"; };
		92A0885C2CAEBCC100F1E450 /* TableView+Extension.swift */ = {isa = PBXFileReference; lastKnownFileType = sourcecode.swift; path = "TableView+Extension.swift"; sourceTree = "<group>"; };
		92A0885E2CAEBCD100F1E450 /* CollectionView+Extension.swift */ = {isa = PBXFileReference; lastKnownFileType = sourcecode.swift; path = "CollectionView+Extension.swift"; sourceTree = "<group>"; };
		92A088602CAEBCED00F1E450 /* Bundle+Extension.swift */ = {isa = PBXFileReference; lastKnownFileType = sourcecode.swift; path = "Bundle+Extension.swift"; sourceTree = "<group>"; };
		92A088622CAEBCFE00F1E450 /* TableViewCell+Extension.swift */ = {isa = PBXFileReference; lastKnownFileType = sourcecode.swift; path = "TableViewCell+Extension.swift"; sourceTree = "<group>"; };
		92A088642CAEBD1500F1E450 /* AlertController+Extension.swift */ = {isa = PBXFileReference; lastKnownFileType = sourcecode.swift; path = "AlertController+Extension.swift"; sourceTree = "<group>"; };
		92A088662CAEBD3500F1E450 /* countryData.json */ = {isa = PBXFileReference; lastKnownFileType = text.json; path = countryData.json; sourceTree = "<group>"; };
		92A088682CAEBD5300F1E450 /* Main.storyboard */ = {isa = PBXFileReference; fileEncoding = 4; lastKnownFileType = file.storyboard; path = Main.storyboard; sourceTree = "<group>"; };
		92A0886A2CAEBD9200F1E450 /* Constants.swift */ = {isa = PBXFileReference; lastKnownFileType = sourcecode.swift; path = Constants.swift; sourceTree = "<group>"; };
		92A0886C2CAEBDA300F1E450 /* DataServiceError.swift */ = {isa = PBXFileReference; lastKnownFileType = sourcecode.swift; path = DataServiceError.swift; sourceTree = "<group>"; };
		92A0886E2CAEBDC900F1E450 /* CountryModel.swift */ = {isa = PBXFileReference; lastKnownFileType = sourcecode.swift; path = CountryModel.swift; sourceTree = "<group>"; };
		92A088702CAEBDED00F1E450 /* DataService.swift */ = {isa = PBXFileReference; lastKnownFileType = sourcecode.swift; path = DataService.swift; sourceTree = "<group>"; };
		92A088722CAEBE0100F1E450 /* CountryViewModel.swift */ = {isa = PBXFileReference; lastKnownFileType = sourcecode.swift; path = CountryViewModel.swift; sourceTree = "<group>"; };
		92A088762CAEBE7C00F1E450 /* CountryHomeViewController.swift */ = {isa = PBXFileReference; lastKnownFileType = sourcecode.swift; path = CountryHomeViewController.swift; sourceTree = "<group>"; };
		92A088792CAEBEB600F1E450 /* SearchHeaderView.swift */ = {isa = PBXFileReference; lastKnownFileType = sourcecode.swift; path = SearchHeaderView.swift; sourceTree = "<group>"; };
		92A0887C2CAEBF7900F1E450 /* TouristSpotTableViewCell.swift */ = {isa = PBXFileReference; fileEncoding = 4; lastKnownFileType = sourcecode.swift; path = TouristSpotTableViewCell.swift; sourceTree = "<group>"; };
		92A0887D2CAEBF7900F1E450 /* CountryImageCarouselTableViewCell.xib */ = {isa = PBXFileReference; fileEncoding = 4; lastKnownFileType = file.xib; path = CountryImageCarouselTableViewCell.xib; sourceTree = "<group>"; };
		92A0887E2CAEBF7900F1E450 /* CountryImageCarouselTableViewCell.swift */ = {isa = PBXFileReference; fileEncoding = 4; lastKnownFileType = sourcecode.swift; path = CountryImageCarouselTableViewCell.swift; sourceTree = "<group>"; };
		92A0887F2CAEBF7900F1E450 /* TouristSpotTableViewCell.xib */ = {isa = PBXFileReference; fileEncoding = 4; lastKnownFileType = file.xib; path = TouristSpotTableViewCell.xib; sourceTree = "<group>"; };
		92A088842CAEBF8800F1E450 /* NoDataTableViewCell.xib */ = {isa = PBXFileReference; fileEncoding = 4; lastKnownFileType = file.xib; path = NoDataTableViewCell.xib; sourceTree = "<group>"; };
		92A088852CAEBF8900F1E450 /* NoDataTableViewCell.swift */ = {isa = PBXFileReference; fileEncoding = 4; lastKnownFileType = sourcecode.swift; path = NoDataTableViewCell.swift; sourceTree = "<group>"; };
		92A088882CAEBFD400F1E450 /* StatisticsDataSheetViewController.swift */ = {isa = PBXFileReference; fileEncoding = 4; lastKnownFileType = sourcecode.swift; path = StatisticsDataSheetViewController.swift; sourceTree = "<group>"; };
		92A088892CAEBFD400F1E450 /* CountryImageCollectionViewCell.swift */ = {isa = PBXFileReference; fileEncoding = 4; lastKnownFileType = sourcecode.swift; path = CountryImageCollectionViewCell.swift; sourceTree = "<group>"; };
		92A0888A2CAEBFD400F1E450 /* CountryImageCollectionViewCell.xib */ = {isa = PBXFileReference; fileEncoding = 4; lastKnownFileType = file.xib; path = CountryImageCollectionViewCell.xib; sourceTree = "<group>"; };
		92A0888F2CAEC05600F1E450 /* CountryHomeVC+TableViewExtension.swift */ = {isa = PBXFileReference; lastKnownFileType = sourcecode.swift; path = "CountryHomeVC+TableViewExtension.swift"; sourceTree = "<group>"; };
		92A088912CAEC62500F1E450 /* Localizable.xcstrings */ = {isa = PBXFileReference; fileEncoding = 4; lastKnownFileType = text.json.xcstrings; path = Localizable.xcstrings; sourceTree = "<group>"; };
		92A088932CAEC64100F1E450 /* String+Extension.swift */ = {isa = PBXFileReference; lastKnownFileType = sourcecode.swift; path = "String+Extension.swift"; sourceTree = "<group>"; };
/* End PBXFileReference section */

/* Begin PBXFrameworksBuildPhase section */
		92A088312CAEBB5C00F1E450 /* Frameworks */ = {
			isa = PBXFrameworksBuildPhase;
			buildActionMask = 2147483647;
			files = (
			);
			runOnlyForDeploymentPostprocessing = 0;
		};
/* End PBXFrameworksBuildPhase section */

/* Begin PBXGroup section */
		92A0882B2CAEBB5C00F1E450 = {
			isa = PBXGroup;
			children = (
				92A088362CAEBB5C00F1E450 /* TouristGuideUIkit */,
				92A088352CAEBB5C00F1E450 /* Products */,
			);
			sourceTree = "<group>";
		};
		92A088352CAEBB5C00F1E450 /* Products */ = {
			isa = PBXGroup;
			children = (
				92A088342CAEBB5C00F1E450 /* TouristGuideUIkit.app */,
			);
			name = Products;
			sourceTree = "<group>";
		};
		92A088362CAEBB5C00F1E450 /* TouristGuideUIkit */ = {
			isa = PBXGroup;
			children = (
				92A0884E2CAEBB9500F1E450 /* Utility */,
				92A0884D2CAEBB8F00F1E450 /* Model */,
				92A0884C2CAEBB8600F1E450 /* ViewModel */,
				92A0884B2CAEBB8100F1E450 /* View */,
				92A088372CAEBB5C00F1E450 /* AppDelegate.swift */,
				92A088392CAEBB5C00F1E450 /* SceneDelegate.swift */,
				92A088682CAEBD5300F1E450 /* Main.storyboard */,
				92A0884F2CAEBB9D00F1E450 /* Resources */,
				92A088422CAEBB5E00F1E450 /* LaunchScreen.storyboard */,
				92A088452CAEBB5E00F1E450 /* Info.plist */,
			);
			path = TouristGuideUIkit;
			sourceTree = "<group>";
		};
		92A0884B2CAEBB8100F1E450 /* View */ = {
			isa = PBXGroup;
			children = (
				92A088762CAEBE7C00F1E450 /* CountryHomeViewController.swift */,
				92A088782CAEBE9300F1E450 /* Cell */,
				92A088882CAEBFD400F1E450 /* StatisticsDataSheetViewController.swift */,
				92A0888F2CAEC05600F1E450 /* CountryHomeVC+TableViewExtension.swift */,
			);
			path = View;
			sourceTree = "<group>";
		};
		92A0884C2CAEBB8600F1E450 /* ViewModel */ = {
			isa = PBXGroup;
			children = (
				92A088702CAEBDED00F1E450 /* DataService.swift */,
				92A088722CAEBE0100F1E450 /* CountryViewModel.swift */,
			);
			path = ViewModel;
			sourceTree = "<group>";
		};
		92A0884D2CAEBB8F00F1E450 /* Model */ = {
			isa = PBXGroup;
			children = (
				92A0886E2CAEBDC900F1E450 /* CountryModel.swift */,
			);
			path = Model;
			sourceTree = "<group>";
		};
		92A0884E2CAEBB9500F1E450 /* Utility */ = {
			isa = PBXGroup;
			children = (
				92A088562CAEBC7900F1E450 /* Extension */,
				92A0886A2CAEBD9200F1E450 /* Constants.swift */,
				92A0886C2CAEBDA300F1E450 /* DataServiceError.swift */,
			);
			path = Utility;
			sourceTree = "<group>";
		};
		92A0884F2CAEBB9D00F1E450 /* Resources */ = {
			isa = PBXGroup;
			children = (
				92A088912CAEC62500F1E450 /* Localizable.xcstrings */,
				92A088402CAEBB5E00F1E450 /* Assets.xcassets */,
				92A088662CAEBD3500F1E450 /* countryData.json */,
			);
			path = Resources;
			sourceTree = "<group>";
		};
		92A088562CAEBC7900F1E450 /* Extension */ = {
			isa = PBXGroup;
			children = (
				92A0885C2CAEBCC100F1E450 /* TableView+Extension.swift */,
				92A0885E2CAEBCD100F1E450 /* CollectionView+Extension.swift */,
				92A088602CAEBCED00F1E450 /* Bundle+Extension.swift */,
				92A088622CAEBCFE00F1E450 /* TableViewCell+Extension.swift */,
				92A088642CAEBD1500F1E450 /* AlertController+Extension.swift */,
				92A088932CAEC64100F1E450 /* String+Extension.swift */,
			);
			path = Extension;
			sourceTree = "<group>";
		};
		92A088782CAEBE9300F1E450 /* Cell */ = {
			isa = PBXGroup;
			children = (
				92A0887B2CAEBF5D00F1E450 /* TableCell */,
				92A0888B2CAEBFD400F1E450 /* CollectionCell */,
			);
			path = Cell;
			sourceTree = "<group>";
		};
		92A0887B2CAEBF5D00F1E450 /* TableCell */ = {
			isa = PBXGroup;
			children = (
				92A088792CAEBEB600F1E450 /* SearchHeaderView.swift */,
				92A0887E2CAEBF7900F1E450 /* CountryImageCarouselTableViewCell.swift */,
				92A0887D2CAEBF7900F1E450 /* CountryImageCarouselTableViewCell.xib */,
				92A0887C2CAEBF7900F1E450 /* TouristSpotTableViewCell.swift */,
				92A0887F2CAEBF7900F1E450 /* TouristSpotTableViewCell.xib */,
				92A088852CAEBF8900F1E450 /* NoDataTableViewCell.swift */,
				92A088842CAEBF8800F1E450 /* NoDataTableViewCell.xib */,
			);
			path = TableCell;
			sourceTree = "<group>";
		};
		92A0888B2CAEBFD400F1E450 /* CollectionCell */ = {
			isa = PBXGroup;
			children = (
				92A088892CAEBFD400F1E450 /* CountryImageCollectionViewCell.swift */,
				92A0888A2CAEBFD400F1E450 /* CountryImageCollectionViewCell.xib */,
			);
			path = CollectionCell;
			sourceTree = "<group>";
		};
/* End PBXGroup section */

/* Begin PBXNativeTarget section */
		92A088332CAEBB5C00F1E450 /* TouristGuideUIkit */ = {
			isa = PBXNativeTarget;
			buildConfigurationList = 92A088482CAEBB5E00F1E450 /* Build configuration list for PBXNativeTarget "TouristGuideUIkit" */;
			buildPhases = (
				92A088302CAEBB5C00F1E450 /* Sources */,
				92A088312CAEBB5C00F1E450 /* Frameworks */,
				92A088322CAEBB5C00F1E450 /* Resources */,
			);
			buildRules = (
			);
			dependencies = (
			);
			name = TouristGuideUIkit;
			productName = TouristGuideUIkit;
			productReference = 92A088342CAEBB5C00F1E450 /* TouristGuideUIkit.app */;
			productType = "com.apple.product-type.application";
		};
/* End PBXNativeTarget section */

/* Begin PBXProject section */
		92A0882C2CAEBB5C00F1E450 /* Project object */ = {
			isa = PBXProject;
			attributes = {
				BuildIndependentTargetsInParallel = 1;
				LastSwiftUpdateCheck = 1540;
				LastUpgradeCheck = 1540;
				TargetAttributes = {
					92A088332CAEBB5C00F1E450 = {
						CreatedOnToolsVersion = 15.4;
					};
				};
			};
			buildConfigurationList = 92A0882F2CAEBB5C00F1E450 /* Build configuration list for PBXProject "TouristGuideUIkit" */;
			compatibilityVersion = "Xcode 14.0";
			developmentRegion = en;
			hasScannedForEncodings = 0;
			knownRegions = (
				en,
				Base,
			);
			mainGroup = 92A0882B2CAEBB5C00F1E450;
			productRefGroup = 92A088352CAEBB5C00F1E450 /* Products */;
			projectDirPath = "";
			projectRoot = "";
			targets = (
				92A088332CAEBB5C00F1E450 /* TouristGuideUIkit */,
			);
		};
/* End PBXProject section */

/* Begin PBXResourcesBuildPhase section */
		92A088322CAEBB5C00F1E450 /* Resources */ = {
			isa = PBXResourcesBuildPhase;
			buildActionMask = 2147483647;
			files = (
				92A088412CAEBB5E00F1E450 /* Assets.xcassets in Resources */,
				92A088692CAEBD5300F1E450 /* Main.storyboard in Resources */,
				92A088832CAEBF7900F1E450 /* TouristSpotTableViewCell.xib in Resources */,
				92A088812CAEBF7900F1E450 /* CountryImageCarouselTableViewCell.xib in Resources */,
				92A088442CAEBB5E00F1E450 /* Base in Resources */,
				92A0888E2CAEBFD400F1E450 /* CountryImageCollectionViewCell.xib in Resources */,
				92A088862CAEBF8900F1E450 /* NoDataTableViewCell.xib in Resources */,
				92A088672CAEBD3500F1E450 /* countryData.json in Resources */,
				92A088922CAEC62500F1E450 /* Localizable.xcstrings in Resources */,
			);
			runOnlyForDeploymentPostprocessing = 0;
		};
/* End PBXResourcesBuildPhase section */

/* Begin PBXSourcesBuildPhase section */
		92A088302CAEBB5C00F1E450 /* Sources */ = {
			isa = PBXSourcesBuildPhase;
			buildActionMask = 2147483647;
			files = (
				92A088872CAEBF8900F1E450 /* NoDataTableViewCell.swift in Sources */,
				92A088942CAEC64100F1E450 /* String+Extension.swift in Sources */,
				92A0888D2CAEBFD400F1E450 /* CountryImageCollectionViewCell.swift in Sources */,
				92A088632CAEBCFE00F1E450 /* TableViewCell+Extension.swift in Sources */,
				92A0887A2CAEBEB600F1E450 /* SearchHeaderView.swift in Sources */,
				92A0886F2CAEBDCA00F1E450 /* CountryModel.swift in Sources */,
				92A088902CAEC05600F1E450 /* CountryHomeVC+TableViewExtension.swift in Sources */,
				92A088712CAEBDED00F1E450 /* DataService.swift in Sources */,
				92A0886D2CAEBDA300F1E450 /* DataServiceError.swift in Sources */,
				92A088732CAEBE0100F1E450 /* CountryViewModel.swift in Sources */,
				92A088612CAEBCED00F1E450 /* Bundle+Extension.swift in Sources */,
				92A088382CAEBB5C00F1E450 /* AppDelegate.swift in Sources */,
				92A0883A2CAEBB5C00F1E450 /* SceneDelegate.swift in Sources */,
				92A0885F2CAEBCD100F1E450 /* CollectionView+Extension.swift in Sources */,
				92A0888C2CAEBFD400F1E450 /* StatisticsDataSheetViewController.swift in Sources */,
				92A088652CAEBD1500F1E450 /* AlertController+Extension.swift in Sources */,
				92A088802CAEBF7900F1E450 /* TouristSpotTableViewCell.swift in Sources */,
				92A0885D2CAEBCC100F1E450 /* TableView+Extension.swift in Sources */,
				92A088772CAEBE7C00F1E450 /* CountryHomeViewController.swift in Sources */,
				92A0886B2CAEBD9200F1E450 /* Constants.swift in Sources */,
				92A088822CAEBF7900F1E450 /* CountryImageCarouselTableViewCell.swift in Sources */,
			);
			runOnlyForDeploymentPostprocessing = 0;
		};
/* End PBXSourcesBuildPhase section */

/* Begin PBXVariantGroup section */
		92A088422CAEBB5E00F1E450 /* LaunchScreen.storyboard */ = {
			isa = PBXVariantGroup;
			children = (
				92A088432CAEBB5E00F1E450 /* Base */,
			);
			name = LaunchScreen.storyboard;
			sourceTree = "<group>";
		};
/* End PBXVariantGroup section */

/* Begin XCBuildConfiguration section */
		92A088462CAEBB5E00F1E450 /* Debug */ = {
			isa = XCBuildConfiguration;
			buildSettings = {
				ALWAYS_SEARCH_USER_PATHS = NO;
				ASSETCATALOG_COMPILER_GENERATE_SWIFT_ASSET_SYMBOL_EXTENSIONS = YES;
				CLANG_ANALYZER_NONNULL = YES;
				CLANG_ANALYZER_NUMBER_OBJECT_CONVERSION = YES_AGGRESSIVE;
				CLANG_CXX_LANGUAGE_STANDARD = "gnu++20";
				CLANG_ENABLE_MODULES = YES;
				CLANG_ENABLE_OBJC_ARC = YES;
				CLANG_ENABLE_OBJC_WEAK = YES;
				CLANG_WARN_BLOCK_CAPTURE_AUTORELEASING = YES;
				CLANG_WARN_BOOL_CONVERSION = YES;
				CLANG_WARN_COMMA = YES;
				CLANG_WARN_CONSTANT_CONVERSION = YES;
				CLANG_WARN_DEPRECATED_OBJC_IMPLEMENTATIONS = YES;
				CLANG_WARN_DIRECT_OBJC_ISA_USAGE = YES_ERROR;
				CLANG_WARN_DOCUMENTATION_COMMENTS = YES;
				CLANG_WARN_EMPTY_BODY = YES;
				CLANG_WARN_ENUM_CONVERSION = YES;
				CLANG_WARN_INFINITE_RECURSION = YES;
				CLANG_WARN_INT_CONVERSION = YES;
				CLANG_WARN_NON_LITERAL_NULL_CONVERSION = YES;
				CLANG_WARN_OBJC_IMPLICIT_RETAIN_SELF = YES;
				CLANG_WARN_OBJC_LITERAL_CONVERSION = YES;
				CLANG_WARN_OBJC_ROOT_CLASS = YES_ERROR;
				CLANG_WARN_QUOTED_INCLUDE_IN_FRAMEWORK_HEADER = YES;
				CLANG_WARN_RANGE_LOOP_ANALYSIS = YES;
				CLANG_WARN_STRICT_PROTOTYPES = YES;
				CLANG_WARN_SUSPICIOUS_MOVE = YES;
				CLANG_WARN_UNGUARDED_AVAILABILITY = YES_AGGRESSIVE;
				CLANG_WARN_UNREACHABLE_CODE = YES;
				CLANG_WARN__DUPLICATE_METHOD_MATCH = YES;
				COPY_PHASE_STRIP = NO;
				DEBUG_INFORMATION_FORMAT = dwarf;
				ENABLE_STRICT_OBJC_MSGSEND = YES;
				ENABLE_TESTABILITY = YES;
				ENABLE_USER_SCRIPT_SANDBOXING = YES;
				GCC_C_LANGUAGE_STANDARD = gnu17;
				GCC_DYNAMIC_NO_PIC = NO;
				GCC_NO_COMMON_BLOCKS = YES;
				GCC_OPTIMIZATION_LEVEL = 0;
				GCC_PREPROCESSOR_DEFINITIONS = (
					"DEBUG=1",
					"$(inherited)",
				);
				GCC_WARN_64_TO_32_BIT_CONVERSION = YES;
				GCC_WARN_ABOUT_RETURN_TYPE = YES_ERROR;
				GCC_WARN_UNDECLARED_SELECTOR = YES;
				GCC_WARN_UNINITIALIZED_AUTOS = YES_AGGRESSIVE;
				GCC_WARN_UNUSED_FUNCTION = YES;
				GCC_WARN_UNUSED_VARIABLE = YES;
				IPHONEOS_DEPLOYMENT_TARGET = 17.5;
				LOCALIZATION_PREFERS_STRING_CATALOGS = YES;
				MTL_ENABLE_DEBUG_INFO = INCLUDE_SOURCE;
				MTL_FAST_MATH = YES;
				ONLY_ACTIVE_ARCH = YES;
				SDKROOT = iphoneos;
				SWIFT_ACTIVE_COMPILATION_CONDITIONS = "DEBUG $(inherited)";
				SWIFT_OPTIMIZATION_LEVEL = "-Onone";
			};
			name = Debug;
		};
		92A088472CAEBB5E00F1E450 /* Release */ = {
			isa = XCBuildConfiguration;
			buildSettings = {
				ALWAYS_SEARCH_USER_PATHS = NO;
				ASSETCATALOG_COMPILER_GENERATE_SWIFT_ASSET_SYMBOL_EXTENSIONS = YES;
				CLANG_ANALYZER_NONNULL = YES;
				CLANG_ANALYZER_NUMBER_OBJECT_CONVERSION = YES_AGGRESSIVE;
				CLANG_CXX_LANGUAGE_STANDARD = "gnu++20";
				CLANG_ENABLE_MODULES = YES;
				CLANG_ENABLE_OBJC_ARC = YES;
				CLANG_ENABLE_OBJC_WEAK = YES;
				CLANG_WARN_BLOCK_CAPTURE_AUTORELEASING = YES;
				CLANG_WARN_BOOL_CONVERSION = YES;
				CLANG_WARN_COMMA = YES;
				CLANG_WARN_CONSTANT_CONVERSION = YES;
				CLANG_WARN_DEPRECATED_OBJC_IMPLEMENTATIONS = YES;
				CLANG_WARN_DIRECT_OBJC_ISA_USAGE = YES_ERROR;
				CLANG_WARN_DOCUMENTATION_COMMENTS = YES;
				CLANG_WARN_EMPTY_BODY = YES;
				CLANG_WARN_ENUM_CONVERSION = YES;
				CLANG_WARN_INFINITE_RECURSION = YES;
				CLANG_WARN_INT_CONVERSION = YES;
				CLANG_WARN_NON_LITERAL_NULL_CONVERSION = YES;
				CLANG_WARN_OBJC_IMPLICIT_RETAIN_SELF = YES;
				CLANG_WARN_OBJC_LITERAL_CONVERSION = YES;
				CLANG_WARN_OBJC_ROOT_CLASS = YES_ERROR;
				CLANG_WARN_QUOTED_INCLUDE_IN_FRAMEWORK_HEADER = YES;
				CLANG_WARN_RANGE_LOOP_ANALYSIS = YES;
				CLANG_WARN_STRICT_PROTOTYPES = YES;
				CLANG_WARN_SUSPICIOUS_MOVE = YES;
				CLANG_WARN_UNGUARDED_AVAILABILITY = YES_AGGRESSIVE;
				CLANG_WARN_UNREACHABLE_CODE = YES;
				CLANG_WARN__DUPLICATE_METHOD_MATCH = YES;
				COPY_PHASE_STRIP = NO;
				DEBUG_INFORMATION_FORMAT = "dwarf-with-dsym";
				ENABLE_NS_ASSERTIONS = NO;
				ENABLE_STRICT_OBJC_MSGSEND = YES;
				ENABLE_USER_SCRIPT_SANDBOXING = YES;
				GCC_C_LANGUAGE_STANDARD = gnu17;
				GCC_NO_COMMON_BLOCKS = YES;
				GCC_WARN_64_TO_32_BIT_CONVERSION = YES;
				GCC_WARN_ABOUT_RETURN_TYPE = YES_ERROR;
				GCC_WARN_UNDECLARED_SELECTOR = YES;
				GCC_WARN_UNINITIALIZED_AUTOS = YES_AGGRESSIVE;
				GCC_WARN_UNUSED_FUNCTION = YES;
				GCC_WARN_UNUSED_VARIABLE = YES;
				IPHONEOS_DEPLOYMENT_TARGET = 17.5;
				LOCALIZATION_PREFERS_STRING_CATALOGS = YES;
				MTL_ENABLE_DEBUG_INFO = NO;
				MTL_FAST_MATH = YES;
				SDKROOT = iphoneos;
				SWIFT_COMPILATION_MODE = wholemodule;
				VALIDATE_PRODUCT = YES;
			};
			name = Release;
		};
		92A088492CAEBB5E00F1E450 /* Debug */ = {
			isa = XCBuildConfiguration;
			buildSettings = {
				ASSETCATALOG_COMPILER_APPICON_NAME = AppIcon;
				ASSETCATALOG_COMPILER_GLOBAL_ACCENT_COLOR_NAME = AccentColor;
				CODE_SIGN_STYLE = Automatic;
				CURRENT_PROJECT_VERSION = 1;
				DEVELOPMENT_TEAM = 8Y96Y3QQK9;
				GENERATE_INFOPLIST_FILE = YES;
				INFOPLIST_FILE = TouristGuideUIkit/Info.plist;
				INFOPLIST_KEY_UIApplicationSupportsIndirectInputEvents = YES;
				INFOPLIST_KEY_UILaunchStoryboardName = LaunchScreen;
				INFOPLIST_KEY_UIMainStoryboardFile = Main;
				INFOPLIST_KEY_UISupportedInterfaceOrientations_iPad = "UIInterfaceOrientationPortrait UIInterfaceOrientationPortraitUpsideDown UIInterfaceOrientationLandscapeLeft UIInterfaceOrientationLandscapeRight";
				INFOPLIST_KEY_UISupportedInterfaceOrientations_iPhone = "UIInterfaceOrientationPortrait UIInterfaceOrientationLandscapeLeft UIInterfaceOrientationLandscapeRight";
				LD_RUNPATH_SEARCH_PATHS = (
					"$(inherited)",
					"@executable_path/Frameworks",
				);
				MARKETING_VERSION = 1.0;
				PRODUCT_BUNDLE_IDENTIFIER = com.pranoti.TouristGuideUIkit;
				PRODUCT_NAME = "$(TARGET_NAME)";
				SWIFT_EMIT_LOC_STRINGS = YES;
				SWIFT_VERSION = 5.0;
				TARGETED_DEVICE_FAMILY = "1,2";
			};
			name = Debug;
		};
		92A0884A2CAEBB5E00F1E450 /* Release */ = {
			isa = XCBuildConfiguration;
			buildSettings = {
				ASSETCATALOG_COMPILER_APPICON_NAME = AppIcon;
				ASSETCATALOG_COMPILER_GLOBAL_ACCENT_COLOR_NAME = AccentColor;
				CODE_SIGN_STYLE = Automatic;
				CURRENT_PROJECT_VERSION = 1;
				DEVELOPMENT_TEAM = 8Y96Y3QQK9;
				GENERATE_INFOPLIST_FILE = YES;
				INFOPLIST_FILE = TouristGuideUIkit/Info.plist;
				INFOPLIST_KEY_UIApplicationSupportsIndirectInputEvents = YES;
				INFOPLIST_KEY_UILaunchStoryboardName = LaunchScreen;
				INFOPLIST_KEY_UIMainStoryboardFile = Main;
				INFOPLIST_KEY_UISupportedInterfaceOrientations_iPad = "UIInterfaceOrientationPortrait UIInterfaceOrientationPortraitUpsideDown UIInterfaceOrientationLandscapeLeft UIInterfaceOrientationLandscapeRight";
				INFOPLIST_KEY_UISupportedInterfaceOrientations_iPhone = "UIInterfaceOrientationPortrait UIInterfaceOrientationLandscapeLeft UIInterfaceOrientationLandscapeRight";
				LD_RUNPATH_SEARCH_PATHS = (
					"$(inherited)",
					"@executable_path/Frameworks",
				);
				MARKETING_VERSION = 1.0;
				PRODUCT_BUNDLE_IDENTIFIER = com.pranoti.TouristGuideUIkit;
				PRODUCT_NAME = "$(TARGET_NAME)";
				SWIFT_EMIT_LOC_STRINGS = YES;
				SWIFT_VERSION = 5.0;
				TARGETED_DEVICE_FAMILY = "1,2";
			};
			name = Release;
		};
/* End XCBuildConfiguration section */

/* Begin XCConfigurationList section */
		92A0882F2CAEBB5C00F1E450 /* Build configuration list for PBXProject "TouristGuideUIkit" */ = {
			isa = XCConfigurationList;
			buildConfigurations = (
				92A088462CAEBB5E00F1E450 /* Debug */,
				92A088472CAEBB5E00F1E450 /* Release */,
			);
			defaultConfigurationIsVisible = 0;
			defaultConfigurationName = Release;
		};
		92A088482CAEBB5E00F1E450 /* Build configuration list for PBXNativeTarget "TouristGuideUIkit" */ = {
			isa = XCConfigurationList;
			buildConfigurations = (
				92A088492CAEBB5E00F1E450 /* Debug */,
				92A0884A2CAEBB5E00F1E450 /* Release */,
			);
			defaultConfigurationIsVisible = 0;
			defaultConfigurationName = Release;
		};
/* End XCConfigurationList section */
	};
	rootObject = 92A0882C2CAEBB5C00F1E450 /* Project object */;
}
